
Microsoft Visual Studio Solution File, Format Version 12.00
# Visual Studio Version 17
VisualStudioVersion = 17.9.34616.47
MinimumVisualStudioVersion = 10.0.40219.1
Project("{FAE04EC0-301F-11D3-BF4B-00C04F79EFBC}") = "gyakorlas", "gyakorlas.csproj", "{A6BBB4FF-170E-4279-AAD1-9585700A2720}"
EndProject
Global
	GlobalSection(SolutionConfigurationPlatforms) = preSolution
		Debug|Any CPU = Debug|Any CPU
		Release|Any CPU = Release|Any CPU
	EndGlobalSection
	GlobalSection(ProjectConfigurationPlatforms) = postSolution
		{A6BBB4FF-170E-4279-AAD1-9585700A2720}.Debug|Any CPU.ActiveCfg = Debug|Any CPU
		{A6BBB4FF-170E-4279-AAD1-9585700A2720}.Debug|Any CPU.Build.0 = Debug|Any CPU
		{A6BBB4FF-170E-4279-AAD1-9585700A2720}.Release|Any CPU.ActiveCfg = Release|Any CPU
		{A6BBB4FF-170E-4279-AAD1-9585700A2720}.Release|Any CPU.Build.0 = Release|Any CPU
	EndGlobalSection
	GlobalSection(SolutionProperties) = preSolution
		HideSolutionNode = FALSE
	EndGlobalSection
	GlobalSection(ExtensibilityGlobals) = postSolution
		SolutionGuid = {72BF90EE-CDDA-4FF0-BC8D-EC80B3D201E9}
	EndGlobalSection
EndGlobal
